
Microsoft Visual Studio Solution File, Format Version 12.00
# Visual Studio Version 17
VisualStudioVersion = 17.9.34310.174
MinimumVisualStudioVersion = 10.0.40219.1
Project("{FAE04EC0-301F-11D3-BF4B-00C04F79EFBC}") = "Mvvm.Study.ButtonCommands", "Mvvm.Study\Mvvm.Study.ButtonCommands.csproj", "{77EF6DC4-3450-4C40-B03B-173223077D6B}"
EndProject
Project("{2150E333-8FDC-42A3-9474-1A3956D46DE8}") = "Somethings", "Somethings", "{F7ADA808-9E08-4143-B7E8-D04BCB2F1D76}"
	ProjectSection(SolutionItems) = preProject
		Mvvm.Study\.editorconfig = Mvvm.Study\.editorconfig
	EndProjectSection
EndProject
Global
	GlobalSection(SolutionConfigurationPlatforms) = preSolution
		Debug|Any CPU = Debug|Any CPU
		Release|Any CPU = Release|Any CPU
	EndGlobalSection
	GlobalSection(ProjectConfigurationPlatforms) = postSolution
		{77EF6DC4-3450-4C40-B03B-173223077D6B}.Debug|Any CPU.ActiveCfg = Debug|Any CPU
		{77EF6DC4-3450-4C40-B03B-173223077D6B}.Debug|Any CPU.Build.0 = Debug|Any CPU
		{77EF6DC4-3450-4C40-B03B-173223077D6B}.Release|Any CPU.ActiveCfg = Release|Any CPU
		{77EF6DC4-3450-4C40-B03B-173223077D6B}.Release|Any CPU.Build.0 = Release|Any CPU
	EndGlobalSection
	GlobalSection(SolutionProperties) = preSolution
		HideSolutionNode = FALSE
	EndGlobalSection
	GlobalSection(ExtensibilityGlobals) = postSolution
		SolutionGuid = {88DD5AAF-1AEC-4E0F-928B-3EAFE923F260}
	EndGlobalSection
EndGlobal
